
Microsoft Visual Studio Solution File, Format Version 12.00
# Visual Studio 15
VisualStudioVersion = 15.0.27130.2026
MinimumVisualStudioVersion = 10.0.40219.1
Project("{FAE04EC0-301F-11D3-BF4B-00C04F79EFBC}") = "ActiveCampaign.Net", "ActiveCampaign.Net.csproj", "{B95C860B-3890-4095-93C4-CA81055B3069}"
EndProject
Project("{FAE04EC0-301F-11D3-BF4B-00C04F79EFBC}") = "ActiveCampaign.Net.Tests", "..\ActiveCampaign.Net.Tests\ActiveCampaign.Net.Tests.csproj", "{19673450-C0BB-4DD0-91BC-78E59CBFDD53}"
EndProject
Global
	GlobalSection(SolutionConfigurationPlatforms) = preSolution
		Debug|Any CPU = Debug|Any CPU
		Release|Any CPU = Release|Any CPU
	EndGlobalSection
	GlobalSection(ProjectConfigurationPlatforms) = postSolution
		{B95C860B-3890-4095-93C4-CA81055B3069}.Debug|Any CPU.ActiveCfg = Debug|Any CPU
		{B95C860B-3890-4095-93C4-CA81055B3069}.Debug|Any CPU.Build.0 = Debug|Any CPU
		{B95C860B-3890-4095-93C4-CA81055B3069}.Release|Any CPU.ActiveCfg = Release|Any CPU
		{B95C860B-3890-4095-93C4-CA81055B3069}.Release|Any CPU.Build.0 = Release|Any CPU
		{19673450-C0BB-4DD0-91BC-78E59CBFDD53}.Debug|Any CPU.ActiveCfg = Debug|Any CPU
		{19673450-C0BB-4DD0-91BC-78E59CBFDD53}.Debug|Any CPU.Build.0 = Debug|Any CPU
		{19673450-C0BB-4DD0-91BC-78E59CBFDD53}.Release|Any CPU.ActiveCfg = Release|Any CPU
		{19673450-C0BB-4DD0-91BC-78E59CBFDD53}.Release|Any CPU.Build.0 = Release|Any CPU
	EndGlobalSection
	GlobalSection(SolutionProperties) = preSolution
		HideSolutionNode = FALSE
	EndGlobalSection
	GlobalSection(ExtensibilityGlobals) = postSolution
		SolutionGuid = {FB475B02-2F18-47F5-898C-3D980BDDC6EB}
	EndGlobalSection
EndGlobal
